
Microsoft Visual Studio Solution File, Format Version 12.00
# Visual Studio Version 17
VisualStudioVersion = 17.2.32630.192
MinimumVisualStudioVersion = 10.0.40219.1
Project("{FAE04EC0-301F-11D3-BF4B-00C04F79EFBC}") = "bağilliste_queue", "bağilliste_queue.csproj", "{F556F3BC-0DB1-4CB6-83AF-051B63596C5D}"
EndProject
Global
	GlobalSection(SolutionConfigurationPlatforms) = preSolution
		Debug|Any CPU = Debug|Any CPU
		Release|Any CPU = Release|Any CPU
	EndGlobalSection
	GlobalSection(ProjectConfigurationPlatforms) = postSolution
		{F556F3BC-0DB1-4CB6-83AF-051B63596C5D}.Debug|Any CPU.ActiveCfg = Debug|Any CPU
		{F556F3BC-0DB1-4CB6-83AF-051B63596C5D}.Debug|Any CPU.Build.0 = Debug|Any CPU
		{F556F3BC-0DB1-4CB6-83AF-051B63596C5D}.Release|Any CPU.ActiveCfg = Release|Any CPU
		{F556F3BC-0DB1-4CB6-83AF-051B63596C5D}.Release|Any CPU.Build.0 = Release|Any CPU
	EndGlobalSection
	GlobalSection(SolutionProperties) = preSolution
		HideSolutionNode = FALSE
	EndGlobalSection
	GlobalSection(ExtensibilityGlobals) = postSolution
		SolutionGuid = {BA1E58B3-2EAE-4ED5-B41A-69DD5B4DF096}
	EndGlobalSection
EndGlobal
